Microsoft Visual Studio Solution File, Format Version 12.00
# Visual Studio Version 17
VisualStudioVersion = 17.5.2.0
MinimumVisualStudioVersion = 10.0.40219.1
Project("{FAE04EC0-301F-11D3-BF4B-00C04F79EFBC}") = "API_56Cards", "API_56Cards.csproj", "{0ECEF7ED-BA4C-F7C0-0114-CBB14254458E}"
EndProject
Global
	GlobalSection(SolutionConfigurationPlatforms) = preSolution
		Debug|Any CPU = Debug|Any CPU
		Release|Any CPU = Release|Any CPU
	EndGlobalSection
	GlobalSection(ProjectConfigurationPlatforms) = postSolution
		{0ECEF7ED-BA4C-F7C0-0114-CBB14254458E}.Debug|Any CPU.ActiveCfg = Debug|Any CPU
		{0ECEF7ED-BA4C-F7C0-0114-CBB14254458E}.Debug|Any CPU.Build.0 = Debug|Any CPU
		{0ECEF7ED-BA4C-F7C0-0114-CBB14254458E}.Release|Any CPU.ActiveCfg = Release|Any CPU
		{0ECEF7ED-BA4C-F7C0-0114-CBB14254458E}.Release|Any CPU.Build.0 = Release|Any CPU
	EndGlobalSection
	GlobalSection(SolutionProperties) = preSolution
		HideSolutionNode = FALSE
	EndGlobalSection
	GlobalSection(ExtensibilityGlobals) = postSolution
		SolutionGuid = {E89E3371-9163-4E6B-B013-0C2D91F4CC4F}
	EndGlobalSection
EndGlobal
